// !$*UTF8*$!
{
	archiveVersion = 1;
	classes = {
	};
	objectVersion = 56;
	objects = {

/* Begin PBXBuildFile section */
		14095B722BD161DB00336E59 /* SignUpViewController.swift in Sources */ = {isa = PBXBuildFile; fileRef = 14095B712BD161DB00336E59 /* SignUpViewController.swift */; };
		14A1AB262BD2B9F500B26820 /* FirebaseAnalytics in Frameworks */ = {isa = PBXBuildFile; productRef = 14A1AB252BD2B9F500B26820 /* FirebaseAnalytics */; };
		357C914D2BD6B44C00F053BA /* VCScoreName.swift in Sources */ = {isa = PBXBuildFile; fileRef = 357C914C2BD6B44C00F053BA /* VCScoreName.swift */; };
		3B3E294E2B9B62AC00D326AF /* logInVC.swift in Sources */ = {isa = PBXBuildFile; fileRef = 3B3E294D2B9B62AC00D326AF /* logInVC.swift */; };
		3B3E29502B9B62C900D326AF /* createVC.swift in Sources */ = {isa = PBXBuildFile; fileRef = 3B3E294F2B9B62C900D326AF /* createVC.swift */; };
		3B3E29522B9B62FA00D326AF /* MainVC.swift in Sources */ = {isa = PBXBuildFile; fileRef = 3B3E29512B9B62FA00D326AF /* MainVC.swift */; };
		3B3E29542B9B630A00D326AF /* UpcomingVC.swift in Sources */ = {isa = PBXBuildFile; fileRef = 3B3E29532B9B630A00D326AF /* UpcomingVC.swift */; };
		3B3E29562B9B631A00D326AF /* StatsVC.swift in Sources */ = {isa = PBXBuildFile; fileRef = 3B3E29552B9B631A00D326AF /* StatsVC.swift */; };
		3B3E29582B9B633100D326AF /* LeaderboardVC.swift in Sources */ = {isa = PBXBuildFile; fileRef = 3B3E29572B9B633100D326AF /* LeaderboardVC.swift */; };
		3B3E295A2B9B633F00D326AF /* RedeemVC.swift in Sources */ = {isa = PBXBuildFile; fileRef = 3B3E29592B9B633F00D326AF /* RedeemVC.swift */; };
		3B3E295C2B9B63A500D326AF /* Student.swift in Sources */ = {isa = PBXBuildFile; fileRef = 3B3E295B2B9B63A500D326AF /* Student.swift */; };
		3B9E35122BA342E7008D4855 /* AccessCodeVC.swift in Sources */ = {isa = PBXBuildFile; fileRef = 3B9E35112BA342E7008D4855 /* AccessCodeVC.swift */; };
		3B9E35162BA343E0008D4855 /* AccessCode.swift in Sources */ = {isa = PBXBuildFile; fileRef = 3B9E35152BA343E0008D4855 /* AccessCode.swift */; };
		3B9E35182BA345E4008D4855 /* AdminConsole.swift in Sources */ = {isa = PBXBuildFile; fileRef = 3B9E35172BA345E4008D4855 /* AdminConsole.swift */; };
		3BA827432B9F54390037B0DF /* GoogleService-Info.plist in Resources */ = {isa = PBXBuildFile; fileRef = 3BA827422B9F54390037B0DF /* GoogleService-Info.plist */; };
		3BCC30962B98C3B900E9A4FB /* AppDelegate.swift in Sources */ = {isa = PBXBuildFile; fileRef = 3BCC30952B98C3B900E9A4FB /* AppDelegate.swift */; };
		3BCC30982B98C3B900E9A4FB /* SceneDelegate.swift in Sources */ = {isa = PBXBuildFile; fileRef = 3BCC30972B98C3B900E9A4FB /* SceneDelegate.swift */; };
		3BCC309A2B98C3B900E9A4FB /* ViewController.swift in Sources */ = {isa = PBXBuildFile; fileRef = 3BCC30992B98C3B900E9A4FB /* ViewController.swift */; };
		3BCC309D2B98C3B900E9A4FB /* Main.storyboard in Resources */ = {isa = PBXBuildFile; fileRef = 3BCC309B2B98C3B900E9A4FB /* Main.storyboard */; };
		3BCC309F2B98C3BA00E9A4FB /* Assets.xcassets in Resources */ = {isa = PBXBuildFile; fileRef = 3BCC309E2B98C3BA00E9A4FB /* Assets.xcassets */; };
		3BCC30A22B98C3BA00E9A4FB /* LaunchScreen.storyboard in Resources */ = {isa = PBXBuildFile; fileRef = 3BCC30A02B98C3BA00E9A4FB /* LaunchScreen.storyboard */; };
		3BCC30AD2B98C3BB00E9A4FB /* CLCsuperFanApp_KaiserTests.swift in Sources */ = {isa = PBXBuildFile; fileRef = 3BCC30AC2B98C3BB00E9A4FB /* CLCsuperFanApp_KaiserTests.swift */; };
		3BCC30B72B98C3BB00E9A4FB /* CLCsuperFanApp_KaiserUITests.swift in Sources */ = {isa = PBXBuildFile; fileRef = 3BCC30B62B98C3BB00E9A4FB /* CLCsuperFanApp_KaiserUITests.swift */; };
		3BCC30B92B98C3BB00E9A4FB /* CLCsuperFanApp_KaiserUITestsLaunchTests.swift in Sources */ = {isa = PBXBuildFile; fileRef = 3BCC30B82B98C3BB00E9A4FB /* CLCsuperFanApp_KaiserUITestsLaunchTests.swift */; };
		3BCC30C92B98C50300E9A4FB /* FirebaseAuth in Frameworks */ = {isa = PBXBuildFile; productRef = 3BCC30C82B98C50300E9A4FB /* FirebaseAuth */; };
		3BCC30CB2B98C50300E9A4FB /* FirebaseDatabase in Frameworks */ = {isa = PBXBuildFile; productRef = 3BCC30CA2B98C50300E9A4FB /* FirebaseDatabase */; };
		3BCC30CD2B98C50300E9A4FB /* FirebaseDatabaseSwift in Frameworks */ = {isa = PBXBuildFile; productRef = 3BCC30CC2B98C50300E9A4FB /* FirebaseDatabaseSwift */; };
		3BCC30CF2B98C50300E9A4FB /* FirebaseFirestore in Frameworks */ = {isa = PBXBuildFile; productRef = 3BCC30CE2B98C50300E9A4FB /* FirebaseFirestore */; };
		85FBBFBA2BD35F4600E6A1C8 /* LogInViewController.swift in Sources */ = {isa = PBXBuildFile; fileRef = 85FBBFB92BD35F4600E6A1C8 /* LogInViewController.swift */; };
/* End PBXBuildFile section */

/* Begin PBXContainerItemProxy section */
		3BCC30A92B98C3BB00E9A4FB /* PBXContainerItemProxy */ = {
			isa = PBXContainerItemProxy;
			containerPortal = 3BCC308A2B98C3B900E9A4FB /* Project object */;
			proxyType = 1;
			remoteGlobalIDString = 3BCC30912B98C3B900E9A4FB;
			remoteInfo = CLCsuperFanApp_Kaiser;
		};
		3BCC30B32B98C3BB00E9A4FB /* PBXContainerItemProxy */ = {
			isa = PBXContainerItemProxy;
			containerPortal = 3BCC308A2B98C3B900E9A4FB /* Project object */;
			proxyType = 1;
			remoteGlobalIDString = 3BCC30912B98C3B900E9A4FB;
			remoteInfo = CLCsuperFanApp_Kaiser;
		};
/* End PBXContainerItemProxy section */

/* Begin PBXFileReference section */
		14095B712BD161DB00336E59 /* SignUpViewController.swift */ = {isa = PBXFileReference; lastKnownFileType = sourcecode.swift; path = SignUpViewController.swift; sourceTree = "<group>"; };
		357C914C2BD6B44C00F053BA /* VCScoreName.swift */ = {isa = PBXFileReference; lastKnownFileType = sourcecode.swift; path = VCScoreName.swift; sourceTree = "<group>"; };
		3B3E294D2B9B62AC00D326AF /* logInVC.swift */ = {isa = PBXFileReference; lastKnownFileType = sourcecode.swift; path = logInVC.swift; sourceTree = "<group>"; };
		3B3E294F2B9B62C900D326AF /* createVC.swift */ = {isa = PBXFileReference; lastKnownFileType = sourcecode.swift; path = createVC.swift; sourceTree = "<group>"; };
		3B3E29512B9B62FA00D326AF /* MainVC.swift */ = {isa = PBXFileReference; lastKnownFileType = sourcecode.swift; path = MainVC.swift; sourceTree = "<group>"; };
		3B3E29532B9B630A00D326AF /* UpcomingVC.swift */ = {isa = PBXFileReference; lastKnownFileType = sourcecode.swift; path = UpcomingVC.swift; sourceTree = "<group>"; };
		3B3E29552B9B631A00D326AF /* StatsVC.swift */ = {isa = PBXFileReference; lastKnownFileType = sourcecode.swift; path = StatsVC.swift; sourceTree = "<group>"; };
		3B3E29572B9B633100D326AF /* LeaderboardVC.swift */ = {isa = PBXFileReference; lastKnownFileType = sourcecode.swift; path = LeaderboardVC.swift; sourceTree = "<group>"; };
		3B3E29592B9B633F00D326AF /* RedeemVC.swift */ = {isa = PBXFileReference; lastKnownFileType = sourcecode.swift; path = RedeemVC.swift; sourceTree = "<group>"; };
		3B3E295B2B9B63A500D326AF /* Student.swift */ = {isa = PBXFileReference; lastKnownFileType = sourcecode.swift; path = Student.swift; sourceTree = "<group>"; };
		3B9E35112BA342E7008D4855 /* AccessCodeVC.swift */ = {isa = PBXFileReference; lastKnownFileType = sourcecode.swift; path = AccessCodeVC.swift; sourceTree = "<group>"; };
		3B9E35152BA343E0008D4855 /* AccessCode.swift */ = {isa = PBXFileReference; lastKnownFileType = sourcecode.swift; path = AccessCode.swift; sourceTree = "<group>"; };
		3B9E35172BA345E4008D4855 /* AdminConsole.swift */ = {isa = PBXFileReference; lastKnownFileType = sourcecode.swift; path = AdminConsole.swift; sourceTree = "<group>"; };
		3BA827422B9F54390037B0DF /* GoogleService-Info.plist */ = {isa = PBXFileReference; fileEncoding = 4; lastKnownFileType = text.plist.xml; name = "GoogleService-Info.plist"; path = "../../../../Downloads/GoogleService-Info.plist"; sourceTree = "<group>"; };
		3BCC30922B98C3B900E9A4FB /* CLCsuperFanApp_Kaiser.app */ = {isa = PBXFileReference; explicitFileType = wrapper.application; includeInIndex = 0; path = CLCsuperFanApp_Kaiser.app; sourceTree = BUILT_PRODUCTS_DIR; };
		3BCC30952B98C3B900E9A4FB /* AppDelegate.swift */ = {isa = PBXFileReference; lastKnownFileType = sourcecode.swift; path = AppDelegate.swift; sourceTree = "<group>"; };
		3BCC30972B98C3B900E9A4FB /* SceneDelegate.swift */ = {isa = PBXFileReference; lastKnownFileType = sourcecode.swift; path = SceneDelegate.swift; sourceTree = "<group>"; };
		3BCC30992B98C3B900E9A4FB /* ViewController.swift */ = {isa = PBXFileReference; lastKnownFileType = sourcecode.swift; path = ViewController.swift; sourceTree = "<group>"; };
		3BCC309C2B98C3B900E9A4FB /* Base */ = {isa = PBXFileReference; lastKnownFileType = file.storyboard; name = Base; path = Base.lproj/Main.storyboard; sourceTree = "<group>"; };
		3BCC309E2B98C3BA00E9A4FB /* Assets.xcassets */ = {isa = PBXFileReference; lastKnownFileType = folder.assetcatalog; path = Assets.xcassets; sourceTree = "<group>"; };
		3BCC30A12B98C3BA00E9A4FB /* Base */ = {isa = PBXFileReference; lastKnownFileType = file.storyboard; name = Base; path = Base.lproj/LaunchScreen.storyboard; sourceTree = "<group>"; };
		3BCC30A32B98C3BA00E9A4FB /* Info.plist */ = {isa = PBXFileReference; lastKnownFileType = text.plist.xml; path = Info.plist; sourceTree = "<group>"; };
		3BCC30A82B98C3BB00E9A4FB /* CLCsuperFanApp_KaiserTests.xctest */ = {isa = PBXFileReference; explicitFileType = wrapper.cfbundle; includeInIndex = 0; path = CLCsuperFanApp_KaiserTests.xctest; sourceTree = BUILT_PRODUCTS_DIR; };
		3BCC30AC2B98C3BB00E9A4FB /* CLCsuperFanApp_KaiserTests.swift */ = {isa = PBXFileReference; lastKnownFileType = sourcecode.swift; path = CLCsuperFanApp_KaiserTests.swift; sourceTree = "<group>"; };
		3BCC30B22B98C3BB00E9A4FB /* CLCsuperFanApp_KaiserUITests.xctest */ = {isa = PBXFileReference; explicitFileType = wrapper.cfbundle; includeInIndex = 0; path = CLCsuperFanApp_KaiserUITests.xctest; sourceTree = BUILT_PRODUCTS_DIR; };
		3BCC30B62B98C3BB00E9A4FB /* CLCsuperFanApp_KaiserUITests.swift */ = {isa = PBXFileReference; lastKnownFileType = sourcecode.swift; path = CLCsuperFanApp_KaiserUITests.swift; sourceTree = "<group>"; };
		3BCC30B82B98C3BB00E9A4FB /* CLCsuperFanApp_KaiserUITestsLaunchTests.swift */ = {isa = PBXFileReference; lastKnownFileType = sourcecode.swift; path = CLCsuperFanApp_KaiserUITestsLaunchTests.swift; sourceTree = "<group>"; };
		85FBBFB92BD35F4600E6A1C8 /* LogInViewController.swift */ = {isa = PBXFileReference; lastKnownFileType = sourcecode.swift; path = LogInViewController.swift; sourceTree = "<group>"; };
/* End PBXFileReference section */

/* Begin PBXFrameworksBuildPhase section */
		3BCC308F2B98C3B900E9A4FB /* Frameworks */ = {
			isa = PBXFrameworksBuildPhase;
			buildActionMask = 2147483647;
			files = (
				3BCC30CD2B98C50300E9A4FB /* FirebaseDatabaseSwift in Frameworks */,
				3BCC30CF2B98C50300E9A4FB /* FirebaseFirestore in Frameworks */,
				3BCC30CB2B98C50300E9A4FB /* FirebaseDatabase in Frameworks */,
				14A1AB262BD2B9F500B26820 /* FirebaseAnalytics in Frameworks */,
				3BCC30C92B98C50300E9A4FB /* FirebaseAuth in Frameworks */,
			);
			runOnlyForDeploymentPostprocessing = 0;
		};
		3BCC30A52B98C3BB00E9A4FB /* Frameworks */ = {
			isa = PBXFrameworksBuildPhase;
			buildActionMask = 2147483647;
			files = (
			);
			runOnlyForDeploymentPostprocessing = 0;
		};
		3BCC30AF2B98C3BB00E9A4FB /* Frameworks */ = {
			isa = PBXFrameworksBuildPhase;
			buildActionMask = 2147483647;
			files = (
			);
			runOnlyForDeploymentPostprocessing = 0;
		};
/* End PBXFrameworksBuildPhase section */

/* Begin PBXGroup section */
		143B781D2BD011C300CC4D67 /* Frameworks */ = {
			isa = PBXGroup;
			children = (
			);
			name = Frameworks;
			sourceTree = "<group>";
		};
		3BA2EB7E2BC9805900676F75 /* AccountVCs */ = {
			isa = PBXGroup;
			children = (
				3B3E294F2B9B62C900D326AF /* createVC.swift */,
				3B3E294D2B9B62AC00D326AF /* logInVC.swift */,
				3B9E35172BA345E4008D4855 /* AdminConsole.swift */,
			);
			path = AccountVCs;
			sourceTree = "<group>";
		};
		3BA2EB7F2BC9807300676F75 /* Classes */ = {
			isa = PBXGroup;
			children = (
				3B3E295B2B9B63A500D326AF /* Student.swift */,
				3B9E35152BA343E0008D4855 /* AccessCode.swift */,
			);
			path = Classes;
			sourceTree = "<group>";
		};
		3BA2EB802BC980AF00676F75 /* FourOptions */ = {
			isa = PBXGroup;
			children = (
				3B3E29572B9B633100D326AF /* LeaderboardVC.swift */,
				3B3E29592B9B633F00D326AF /* RedeemVC.swift */,
				3B3E29552B9B631A00D326AF /* StatsVC.swift */,
				3B3E29532B9B630A00D326AF /* UpcomingVC.swift */,
			);
			path = FourOptions;
			sourceTree = "<group>";
		};
		3BCC30892B98C3B900E9A4FB = {
			isa = PBXGroup;
			children = (
				3BCC30942B98C3B900E9A4FB /* CLCsuperFanApp_Kaiser */,
				3BCC30AB2B98C3BB00E9A4FB /* CLCsuperFanApp_KaiserTests */,
				3BCC30B52B98C3BB00E9A4FB /* CLCsuperFanApp_KaiserUITests */,
				3BCC30932B98C3B900E9A4FB /* Products */,
				143B781D2BD011C300CC4D67 /* Frameworks */,
			);
			sourceTree = "<group>";
		};
		3BCC30932B98C3B900E9A4FB /* Products */ = {
			isa = PBXGroup;
			children = (
				3BCC30922B98C3B900E9A4FB /* CLCsuperFanApp_Kaiser.app */,
				3BCC30A82B98C3BB00E9A4FB /* CLCsuperFanApp_KaiserTests.xctest */,
				3BCC30B22B98C3BB00E9A4FB /* CLCsuperFanApp_KaiserUITests.xctest */,
			);
			name = Products;
			sourceTree = "<group>";
		};
		3BCC30942B98C3B900E9A4FB /* CLCsuperFanApp_Kaiser */ = {
			isa = PBXGroup;
			children = (
				3BCC30952B98C3B900E9A4FB /* AppDelegate.swift */,
				3BCC30972B98C3B900E9A4FB /* SceneDelegate.swift */,
				3BCC309B2B98C3B900E9A4FB /* Main.storyboard */,
				357C914C2BD6B44C00F053BA /* VCScoreName.swift */,
				85FBBFBB2BD35F6600E6A1C8 /* Authentication */,
				3BA2EB7F2BC9807300676F75 /* Classes */,
				3BA2EB7E2BC9805900676F75 /* AccountVCs */,
				3BCC30992B98C3B900E9A4FB /* ViewController.swift */,
				3B3E29512B9B62FA00D326AF /* MainVC.swift */,
				3B9E35112BA342E7008D4855 /* AccessCodeVC.swift */,
				3BA2EB802BC980AF00676F75 /* FourOptions */,
				3BCC309E2B98C3BA00E9A4FB /* Assets.xcassets */,
				3BCC30A02B98C3BA00E9A4FB /* LaunchScreen.storyboard */,
				3BA827422B9F54390037B0DF /* GoogleService-Info.plist */,
				3BCC30A32B98C3BA00E9A4FB /* Info.plist */,
			);
			path = CLCsuperFanApp_Kaiser;
			sourceTree = "<group>";
		};
		3BCC30AB2B98C3BB00E9A4FB /* CLCsuperFanApp_KaiserTests */ = {
			isa = PBXGroup;
			children = (
				3BCC30AC2B98C3BB00E9A4FB /* CLCsuperFanApp_KaiserTests.swift */,
			);
			path = CLCsuperFanApp_KaiserTests;
			sourceTree = "<group>";
		};
		3BCC30B52B98C3BB00E9A4FB /* CLCsuperFanApp_KaiserUITests */ = {
			isa = PBXGroup;
			children = (
				3BCC30B62B98C3BB00E9A4FB /* CLCsuperFanApp_KaiserUITests.swift */,
				3BCC30B82B98C3BB00E9A4FB /* CLCsuperFanApp_KaiserUITestsLaunchTests.swift */,
			);
			path = CLCsuperFanApp_KaiserUITests;
			sourceTree = "<group>";
		};
		85FBBFBB2BD35F6600E6A1C8 /* Authentication */ = {
			isa = PBXGroup;
			children = (
				14095B712BD161DB00336E59 /* SignUpViewController.swift */,
				85FBBFB92BD35F4600E6A1C8 /* LogInViewController.swift */,
			);
			path = Authentication;
			sourceTree = "<group>";
		};
/* End PBXGroup section */

/* Begin PBXNativeTarget section */
		3BCC30912B98C3B900E9A4FB /* CLCsuperFanApp_Kaiser */ = {
			isa = PBXNativeTarget;
			buildConfigurationList = 3BCC30BC2B98C3BB00E9A4FB /* Build configuration list for PBXNativeTarget "CLCsuperFanApp_Kaiser" */;
			buildPhases = (
				3BCC308E2B98C3B900E9A4FB /* Sources */,
				3BCC308F2B98C3B900E9A4FB /* Frameworks */,
				3BCC30902B98C3B900E9A4FB /* Resources */,
			);
			buildRules = (
			);
			dependencies = (
			);
			name = CLCsuperFanApp_Kaiser;
			packageProductDependencies = (
				3BCC30C82B98C50300E9A4FB /* FirebaseAuth */,
				3BCC30CA2B98C50300E9A4FB /* FirebaseDatabase */,
				3BCC30CC2B98C50300E9A4FB /* FirebaseDatabaseSwift */,
				3BCC30CE2B98C50300E9A4FB /* FirebaseFirestore */,
				14A1AB252BD2B9F500B26820 /* FirebaseAnalytics */,
			);
			productName = CLCsuperFanApp_Kaiser;
			productReference = 3BCC30922B98C3B900E9A4FB /* CLCsuperFanApp_Kaiser.app */;
			productType = "com.apple.product-type.application";
		};
		3BCC30A72B98C3BB00E9A4FB /* CLCsuperFanApp_KaiserTests */ = {
			isa = PBXNativeTarget;
			buildConfigurationList = 3BCC30BF2B98C3BB00E9A4FB /* Build configuration list for PBXNativeTarget "CLCsuperFanApp_KaiserTests" */;
			buildPhases = (
				3BCC30A42B98C3BB00E9A4FB /* Sources */,
				3BCC30A52B98C3BB00E9A4FB /* Frameworks */,
				3BCC30A62B98C3BB00E9A4FB /* Resources */,
			);
			buildRules = (
			);
			dependencies = (
				3BCC30AA2B98C3BB00E9A4FB /* PBXTargetDependency */,
			);
			name = CLCsuperFanApp_KaiserTests;
			productName = CLCsuperFanApp_KaiserTests;
			productReference = 3BCC30A82B98C3BB00E9A4FB /* CLCsuperFanApp_KaiserTests.xctest */;
			productType = "com.apple.product-type.bundle.unit-test";
		};
		3BCC30B12B98C3BB00E9A4FB /* CLCsuperFanApp_KaiserUITests */ = {
			isa = PBXNativeTarget;
			buildConfigurationList = 3BCC30C22B98C3BB00E9A4FB /* Build configuration list for PBXNativeTarget "CLCsuperFanApp_KaiserUITests" */;
			buildPhases = (
				3BCC30AE2B98C3BB00E9A4FB /* Sources */,
				3BCC30AF2B98C3BB00E9A4FB /* Frameworks */,
				3BCC30B02B98C3BB00E9A4FB /* Resources */,
			);
			buildRules = (
			);
			dependencies = (
				3BCC30B42B98C3BB00E9A4FB /* PBXTargetDependency */,
			);
			name = CLCsuperFanApp_KaiserUITests;
			productName = CLCsuperFanApp_KaiserUITests;
			productReference = 3BCC30B22B98C3BB00E9A4FB /* CLCsuperFanApp_KaiserUITests.xctest */;
			productType = "com.apple.product-type.bundle.ui-testing";
		};
/* End PBXNativeTarget section */

/* Begin PBXProject section */
		3BCC308A2B98C3B900E9A4FB /* Project object */ = {
			isa = PBXProject;
			attributes = {
				BuildIndependentTargetsInParallel = 1;
				LastSwiftUpdateCheck = 1510;
				LastUpgradeCheck = 1510;
				TargetAttributes = {
					3BCC30912B98C3B900E9A4FB = {
						CreatedOnToolsVersion = 15.1;
					};
					3BCC30A72B98C3BB00E9A4FB = {
						CreatedOnToolsVersion = 15.1;
						TestTargetID = 3BCC30912B98C3B900E9A4FB;
					};
					3BCC30B12B98C3BB00E9A4FB = {
						CreatedOnToolsVersion = 15.1;
						TestTargetID = 3BCC30912B98C3B900E9A4FB;
					};
				};
			};
			buildConfigurationList = 3BCC308D2B98C3B900E9A4FB /* Build configuration list for PBXProject "CLCsuperFanApp_Kaiser" */;
			compatibilityVersion = "Xcode 14.0";
			developmentRegion = en;
			hasScannedForEncodings = 0;
			knownRegions = (
				en,
				Base,
			);
			mainGroup = 3BCC30892B98C3B900E9A4FB;
			packageReferences = (
				3BCC30C72B98C50300E9A4FB /* XCRemoteSwiftPackageReference "firebase-ios-sdk" */,
			);
			productRefGroup = 3BCC30932B98C3B900E9A4FB /* Products */;
			projectDirPath = "";
			projectRoot = "";
			targets = (
				3BCC30912B98C3B900E9A4FB /* CLCsuperFanApp_Kaiser */,
				3BCC30A72B98C3BB00E9A4FB /* CLCsuperFanApp_KaiserTests */,
				3BCC30B12B98C3BB00E9A4FB /* CLCsuperFanApp_KaiserUITests */,
			);
		};
/* End PBXProject section */

/* Begin PBXResourcesBuildPhase section */
		3BCC30902B98C3B900E9A4FB /* Resources */ = {
			isa = PBXResourcesBuildPhase;
			buildActionMask = 2147483647;
			files = (
				3BCC30A22B98C3BA00E9A4FB /* LaunchScreen.storyboard in Resources */,
				3BA827432B9F54390037B0DF /* GoogleService-Info.plist in Resources */,
				3BCC309F2B98C3BA00E9A4FB /* Assets.xcassets in Resources */,
				3BCC309D2B98C3B900E9A4FB /* Main.storyboard in Resources */,
			);
			runOnlyForDeploymentPostprocessing = 0;
		};
		3BCC30A62B98C3BB00E9A4FB /* Resources */ = {
			isa = PBXResourcesBuildPhase;
			buildActionMask = 2147483647;
			files = (
			);
			runOnlyForDeploymentPostprocessing = 0;
		};
		3BCC30B02B98C3BB00E9A4FB /* Resources */ = {
			isa = PBXResourcesBuildPhase;
			buildActionMask = 2147483647;
			files = (
			);
			runOnlyForDeploymentPostprocessing = 0;
		};
/* End PBXResourcesBuildPhase section */

/* Begin PBXSourcesBuildPhase section */
		3BCC308E2B98C3B900E9A4FB /* Sources */ = {
			isa = PBXSourcesBuildPhase;
			buildActionMask = 2147483647;
			files = (
				3B3E29582B9B633100D326AF /* LeaderboardVC.swift in Sources */,
				3B3E29562B9B631A00D326AF /* StatsVC.swift in Sources */,
				3B9E35162BA343E0008D4855 /* AccessCode.swift in Sources */,
				3BCC309A2B98C3B900E9A4FB /* ViewController.swift in Sources */,
				357C914D2BD6B44C00F053BA /* VCScoreName.swift in Sources */,
				3B3E295C2B9B63A500D326AF /* Student.swift in Sources */,
				3B3E29522B9B62FA00D326AF /* MainVC.swift in Sources */,
				3BCC30962B98C3B900E9A4FB /* AppDelegate.swift in Sources */,
				3B3E29542B9B630A00D326AF /* UpcomingVC.swift in Sources */,
				3B3E295A2B9B633F00D326AF /* RedeemVC.swift in Sources */,
				14095B722BD161DB00336E59 /* SignUpViewController.swift in Sources */,
				3B3E29502B9B62C900D326AF /* createVC.swift in Sources */,
				3B3E294E2B9B62AC00D326AF /* logInVC.swift in Sources */,
				85FBBFBA2BD35F4600E6A1C8 /* LogInViewController.swift in Sources */,
				3BCC30982B98C3B900E9A4FB /* SceneDelegate.swift in Sources */,
				3B9E35122BA342E7008D4855 /* AccessCodeVC.swift in Sources */,
				3B9E35182BA345E4008D4855 /* AdminConsole.swift in Sources */,
			);
			runOnlyForDeploymentPostprocessing = 0;
		};
		3BCC30A42B98C3BB00E9A4FB /* Sources */ = {
			isa = PBXSourcesBuildPhase;
			buildActionMask = 2147483647;
			files = (
				3BCC30AD2B98C3BB00E9A4FB /* CLCsuperFanApp_KaiserTests.swift in Sources */,
			);
			runOnlyForDeploymentPostprocessing = 0;
		};
		3BCC30AE2B98C3BB00E9A4FB /* Sources */ = {
			isa = PBXSourcesBuildPhase;
			buildActionMask = 2147483647;
			files = (
				3BCC30B92B98C3BB00E9A4FB /* CLCsuperFanApp_KaiserUITestsLaunchTests.swift in Sources */,
				3BCC30B72B98C3BB00E9A4FB /* CLCsuperFanApp_KaiserUITests.swift in Sources */,
			);
			runOnlyForDeploymentPostprocessing = 0;
		};
/* End PBXSourcesBuildPhase section */

/* Begin PBXTargetDependency section */
		3BCC30AA2B98C3BB00E9A4FB /* PBXTargetDependency */ = {
			isa = PBXTargetDependency;
			target = 3BCC30912B98C3B900E9A4FB /* CLCsuperFanApp_Kaiser */;
			targetProxy = 3BCC30A92B98C3BB00E9A4FB /* PBXContainerItemProxy */;
		};
		3BCC30B42B98C3BB00E9A4FB /* PBXTargetDependency */ = {
			isa = PBXTargetDependency;
			target = 3BCC30912B98C3B900E9A4FB /* CLCsuperFanApp_Kaiser */;
			targetProxy = 3BCC30B32B98C3BB00E9A4FB /* PBXContainerItemProxy */;
		};
/* End PBXTargetDependency section */

/* Begin PBXVariantGroup section */
		3BCC309B2B98C3B900E9A4FB /* Main.storyboard */ = {
			isa = PBXVariantGroup;
			children = (
				3BCC309C2B98C3B900E9A4FB /* Base */,
			);
			name = Main.storyboard;
			sourceTree = "<group>";
		};
		3BCC30A02B98C3BA00E9A4FB /* LaunchScreen.storyboard */ = {
			isa = PBXVariantGroup;
			children = (
				3BCC30A12B98C3BA00E9A4FB /* Base */,
			);
			name = LaunchScreen.storyboard;
			sourceTree = "<group>";
		};
/* End PBXVariantGroup section */

/* Begin XCBuildConfiguration section */
		3BCC30BA2B98C3BB00E9A4FB /* Debug */ = {
			isa = XCBuildConfiguration;
			buildSettings = {
				ALWAYS_SEARCH_USER_PATHS = NO;
				ASSETCATALOG_COMPILER_GENERATE_SWIFT_ASSET_SYMBOL_EXTENSIONS = YES;
				CLANG_ANALYZER_NONNULL = YES;
				CLANG_ANALYZER_NUMBER_OBJECT_CONVERSION = YES_AGGRESSIVE;
				CLANG_CXX_LANGUAGE_STANDARD = "gnu++20";
				CLANG_ENABLE_MODULES = YES;
				CLANG_ENABLE_OBJC_ARC = YES;
				CLANG_ENABLE_OBJC_WEAK = YES;
				CLANG_WARN_BLOCK_CAPTURE_AUTORELEASING = YES;
				CLANG_WARN_BOOL_CONVERSION = YES;
				CLANG_WARN_COMMA = YES;
				CLANG_WARN_CONSTANT_CONVERSION = YES;
				CLANG_WARN_DEPRECATED_OBJC_IMPLEMENTATIONS = YES;
				CLANG_WARN_DIRECT_OBJC_ISA_USAGE = YES_ERROR;
				CLANG_WARN_DOCUMENTATION_COMMENTS = YES;
				CLANG_WARN_EMPTY_BODY = YES;
				CLANG_WARN_ENUM_CONVERSION = YES;
				CLANG_WARN_INFINITE_RECURSION = YES;
				CLANG_WARN_INT_CONVERSION = YES;
				CLANG_WARN_NON_LITERAL_NULL_CONVERSION = YES;
				CLANG_WARN_OBJC_IMPLICIT_RETAIN_SELF = YES;
				CLANG_WARN_OBJC_LITERAL_CONVERSION = YES;
				CLANG_WARN_OBJC_ROOT_CLASS = YES_ERROR;
				CLANG_WARN_QUOTED_INCLUDE_IN_FRAMEWORK_HEADER = YES;
				CLANG_WARN_RANGE_LOOP_ANALYSIS = YES;
				CLANG_WARN_STRICT_PROTOTYPES = YES;
				CLANG_WARN_SUSPICIOUS_MOVE = YES;
				CLANG_WARN_UNGUARDED_AVAILABILITY = YES_AGGRESSIVE;
				CLANG_WARN_UNREACHABLE_CODE = YES;
				CLANG_WARN__DUPLICATE_METHOD_MATCH = YES;
				COPY_PHASE_STRIP = NO;
				DEBUG_INFORMATION_FORMAT = dwarf;
				ENABLE_STRICT_OBJC_MSGSEND = YES;
				ENABLE_TESTABILITY = YES;
				ENABLE_USER_SCRIPT_SANDBOXING = YES;
				GCC_C_LANGUAGE_STANDARD = gnu17;
				GCC_DYNAMIC_NO_PIC = NO;
				GCC_NO_COMMON_BLOCKS = YES;
				GCC_OPTIMIZATION_LEVEL = 0;
				GCC_PREPROCESSOR_DEFINITIONS = (
					"DEBUG=1",
					"$(inherited)",
				);
				GCC_WARN_64_TO_32_BIT_CONVERSION = YES;
				GCC_WARN_ABOUT_RETURN_TYPE = YES_ERROR;
				GCC_WARN_UNDECLARED_SELECTOR = YES;
				GCC_WARN_UNINITIALIZED_AUTOS = YES_AGGRESSIVE;
				GCC_WARN_UNUSED_FUNCTION = YES;
				GCC_WARN_UNUSED_VARIABLE = YES;
				IPHONEOS_DEPLOYMENT_TARGET = 17.2;
				LOCALIZATION_PREFERS_STRING_CATALOGS = YES;
				MTL_ENABLE_DEBUG_INFO = INCLUDE_SOURCE;
				MTL_FAST_MATH = YES;
				ONLY_ACTIVE_ARCH = YES;
				SDKROOT = iphoneos;
				SWIFT_ACTIVE_COMPILATION_CONDITIONS = "DEBUG $(inherited)";
				SWIFT_OPTIMIZATION_LEVEL = "-Onone";
			};
			name = Debug;
		};
		3BCC30BB2B98C3BB00E9A4FB /* Release */ = {
			isa = XCBuildConfiguration;
			buildSettings = {
				ALWAYS_SEARCH_USER_PATHS = NO;
				ASSETCATALOG_COMPILER_GENERATE_SWIFT_ASSET_SYMBOL_EXTENSIONS = YES;
				CLANG_ANALYZER_NONNULL = YES;
				CLANG_ANALYZER_NUMBER_OBJECT_CONVERSION = YES_AGGRESSIVE;
				CLANG_CXX_LANGUAGE_STANDARD = "gnu++20";
				CLANG_ENABLE_MODULES = YES;
				CLANG_ENABLE_OBJC_ARC = YES;
				CLANG_ENABLE_OBJC_WEAK = YES;
				CLANG_WARN_BLOCK_CAPTURE_AUTORELEASING = YES;
				CLANG_WARN_BOOL_CONVERSION = YES;
				CLANG_WARN_COMMA = YES;
				CLANG_WARN_CONSTANT_CONVERSION = YES;
				CLANG_WARN_DEPRECATED_OBJC_IMPLEMENTATIONS = YES;
				CLANG_WARN_DIRECT_OBJC_ISA_USAGE = YES_ERROR;
				CLANG_WARN_DOCUMENTATION_COMMENTS = YES;
				CLANG_WARN_EMPTY_BODY = YES;
				CLANG_WARN_ENUM_CONVERSION = YES;
				CLANG_WARN_INFINITE_RECURSION = YES;
				CLANG_WARN_INT_CONVERSION = YES;
				CLANG_WARN_NON_LITERAL_NULL_CONVERSION = YES;
				CLANG_WARN_OBJC_IMPLICIT_RETAIN_SELF = YES;
				CLANG_WARN_OBJC_LITERAL_CONVERSION = YES;
				CLANG_WARN_OBJC_ROOT_CLASS = YES_ERROR;
				CLANG_WARN_QUOTED_INCLUDE_IN_FRAMEWORK_HEADER = YES;
				CLANG_WARN_RANGE_LOOP_ANALYSIS = YES;
				CLANG_WARN_STRICT_PROTOTYPES = YES;
				CLANG_WARN_SUSPICIOUS_MOVE = YES;
				CLANG_WARN_UNGUARDED_AVAILABILITY = YES_AGGRESSIVE;
				CLANG_WARN_UNREACHABLE_CODE = YES;
				CLANG_WARN__DUPLICATE_METHOD_MATCH = YES;
				COPY_PHASE_STRIP = NO;
				DEBUG_INFORMATION_FORMAT = "dwarf-with-dsym";
				ENABLE_NS_ASSERTIONS = NO;
				ENABLE_STRICT_OBJC_MSGSEND = YES;
				ENABLE_USER_SCRIPT_SANDBOXING = YES;
				GCC_C_LANGUAGE_STANDARD = gnu17;
				GCC_NO_COMMON_BLOCKS = YES;
				GCC_WARN_64_TO_32_BIT_CONVERSION = YES;
				GCC_WARN_ABOUT_RETURN_TYPE = YES_ERROR;
				GCC_WARN_UNDECLARED_SELECTOR = YES;
				GCC_WARN_UNINITIALIZED_AUTOS = YES_AGGRESSIVE;
				GCC_WARN_UNUSED_FUNCTION = YES;
				GCC_WARN_UNUSED_VARIABLE = YES;
				IPHONEOS_DEPLOYMENT_TARGET = 17.2;
				LOCALIZATION_PREFERS_STRING_CATALOGS = YES;
				MTL_ENABLE_DEBUG_INFO = NO;
				MTL_FAST_MATH = YES;
				SDKROOT = iphoneos;
				SWIFT_COMPILATION_MODE = wholemodule;
				VALIDATE_PRODUCT = YES;
			};
			name = Release;
		};
		3BCC30BD2B98C3BB00E9A4FB /* Debug */ = {
			isa = XCBuildConfiguration;
			buildSettings = {
				ASSETCATALOG_COMPILER_APPICON_NAME = AppIcon;
				ASSETCATALOG_COMPILER_GLOBAL_ACCENT_COLOR_NAME = AccentColor;
				CODE_SIGN_STYLE = Automatic;
				CURRENT_PROJECT_VERSION = 1;
				DEVELOPMENT_TEAM = YZW449RF67;
				GENERATE_INFOPLIST_FILE = YES;
				INFOPLIST_FILE = CLCsuperFanApp_Kaiser/Info.plist;
				INFOPLIST_KEY_NSCameraUsageDescription = "\"Can I use yo camera?\"";
				INFOPLIST_KEY_UIApplicationSupportsIndirectInputEvents = YES;
				INFOPLIST_KEY_UILaunchStoryboardName = LaunchScreen;
				INFOPLIST_KEY_UIMainStoryboardFile = Main;
				INFOPLIST_KEY_UISupportedInterfaceOrientations_iPad = "UIInterfaceOrientationPortrait UIInterfaceOrientationPortraitUpsideDown UIInterfaceOrientationLandscapeLeft UIInterfaceOrientationLandscapeRight";
				INFOPLIST_KEY_UISupportedInterfaceOrientations_iPhone = "UIInterfaceOrientationPortrait UIInterfaceOrientationLandscapeLeft UIInterfaceOrientationLandscapeRight";
				IPHONEOS_DEPLOYMENT_TARGET = 16.5;
				LD_RUNPATH_SEARCH_PATHS = (
					"$(inherited)",
					"@executable_path/Frameworks",
				);
				MARKETING_VERSION = 1.0;
				PRODUCT_BUNDLE_IDENTIFIER = "clc.CLCsuperFanApp-Kaiser-Kenefick2";
				PRODUCT_NAME = "$(TARGET_NAME)";
				SWIFT_EMIT_LOC_STRINGS = YES;
				SWIFT_VERSION = 5.0;
				TARGETED_DEVICE_FAMILY = "1,2";
			};
			name = Debug;
		};
		3BCC30BE2B98C3BB00E9A4FB /* Release */ = {
			isa = XCBuildConfiguration;
			buildSettings = {
				ASSETCATALOG_COMPILER_APPICON_NAME = AppIcon;
				ASSETCATALOG_COMPILER_GLOBAL_ACCENT_COLOR_NAME = AccentColor;
				CODE_SIGN_STYLE = Automatic;
				CURRENT_PROJECT_VERSION = 1;
				DEVELOPMENT_TEAM = YZW449RF67;
				GENERATE_INFOPLIST_FILE = YES;
				INFOPLIST_FILE = CLCsuperFanApp_Kaiser/Info.plist;
				INFOPLIST_KEY_NSCameraUsageDescription = "\"Can I use yo camera?\"";
				INFOPLIST_KEY_UIApplicationSupportsIndirectInputEvents = YES;
				INFOPLIST_KEY_UILaunchStoryboardName = LaunchScreen;
				INFOPLIST_KEY_UIMainStoryboardFile = Main;
				INFOPLIST_KEY_UISupportedInterfaceOrientations_iPad = "UIInterfaceOrientationPortrait UIInterfaceOrientationPortraitUpsideDown UIInterfaceOrientationLandscapeLeft UIInterfaceOrientationLandscapeRight";
				INFOPLIST_KEY_UISupportedInterfaceOrientations_iPhone = "UIInterfaceOrientationPortrait UIInterfaceOrientationLandscapeLeft UIInterfaceOrientationLandscapeRight";
				IPHONEOS_DEPLOYMENT_TARGET = 16.5;
				LD_RUNPATH_SEARCH_PATHS = (
					"$(inherited)",
					"@executable_path/Frameworks",
				);
				MARKETING_VERSION = 1.0;
				PRODUCT_BUNDLE_IDENTIFIER = "clc.CLCsuperFanApp-Kaiser-Kenefick2";
				PRODUCT_NAME = "$(TARGET_NAME)";
				SWIFT_EMIT_LOC_STRINGS = YES;
				SWIFT_VERSION = 5.0;
				TARGETED_DEVICE_FAMILY = "1,2";
			};
			name = Release;
		};
		3BCC30C02B98C3BB00E9A4FB /* Debug */ = {
			isa = XCBuildConfiguration;
			buildSettings = {
				ALWAYS_EMBED_SWIFT_STANDARD_LIBRARIES = YES;
				BUNDLE_LOADER = "$(TEST_HOST)";
				CODE_SIGN_STYLE = Automatic;
				CURRENT_PROJECT_VERSION = 1;
				DEVELOPMENT_TEAM = A67NH8S3S6;
				GENERATE_INFOPLIST_FILE = YES;
				IPHONEOS_DEPLOYMENT_TARGET = 17.2;
				MARKETING_VERSION = 1.0;
				PRODUCT_BUNDLE_IDENTIFIER = "clc.CLCsuperFanApp-KaiserTests";
				PRODUCT_NAME = "$(TARGET_NAME)";
				SWIFT_EMIT_LOC_STRINGS = NO;
				SWIFT_VERSION = 5.0;
				TARGETED_DEVICE_FAMILY = "1,2";
				TEST_HOST = "$(BUILT_PRODUCTS_DIR)/CLCsuperFanApp_Kaiser.app/$(BUNDLE_EXECUTABLE_FOLDER_PATH)/CLCsuperFanApp_Kaiser";
			};
			name = Debug;
		};
		3BCC30C12B98C3BB00E9A4FB /* Release */ = {
			isa = XCBuildConfiguration;
			buildSettings = {
				ALWAYS_EMBED_SWIFT_STANDARD_LIBRARIES = YES;
				BUNDLE_LOADER = "$(TEST_HOST)";
				CODE_SIGN_STYLE = Automatic;
				CURRENT_PROJECT_VERSION = 1;
				DEVELOPMENT_TEAM = A67NH8S3S6;
				GENERATE_INFOPLIST_FILE = YES;
				IPHONEOS_DEPLOYMENT_TARGET = 17.2;
				MARKETING_VERSION = 1.0;
				PRODUCT_BUNDLE_IDENTIFIER = "clc.CLCsuperFanApp-KaiserTests";
				PRODUCT_NAME = "$(TARGET_NAME)";
				SWIFT_EMIT_LOC_STRINGS = NO;
				SWIFT_VERSION = 5.0;
				TARGETED_DEVICE_FAMILY = "1,2";
				TEST_HOST = "$(BUILT_PRODUCTS_DIR)/CLCsuperFanApp_Kaiser.app/$(BUNDLE_EXECUTABLE_FOLDER_PATH)/CLCsuperFanApp_Kaiser";
			};
			name = Release;
		};
		3BCC30C32B98C3BB00E9A4FB /* Debug */ = {
			isa = XCBuildConfiguration;
			buildSettings = {
				ALWAYS_EMBED_SWIFT_STANDARD_LIBRARIES = YES;
				CODE_SIGN_STYLE = Automatic;
				CURRENT_PROJECT_VERSION = 1;
				DEVELOPMENT_TEAM = A67NH8S3S6;
				GENERATE_INFOPLIST_FILE = YES;
				MARKETING_VERSION = 1.0;
				PRODUCT_BUNDLE_IDENTIFIER = "clc.CLCsuperFanApp-KaiserUITests";
				PRODUCT_NAME = "$(TARGET_NAME)";
				SWIFT_EMIT_LOC_STRINGS = NO;
				SWIFT_VERSION = 5.0;
				TARGETED_DEVICE_FAMILY = "1,2";
				TEST_TARGET_NAME = CLCsuperFanApp_Kaiser;
			};
			name = Debug;
		};
		3BCC30C42B98C3BB00E9A4FB /* Release */ = {
			isa = XCBuildConfiguration;
			buildSettings = {
				ALWAYS_EMBED_SWIFT_STANDARD_LIBRARIES = YES;
				CODE_SIGN_STYLE = Automatic;
				CURRENT_PROJECT_VERSION = 1;
				DEVELOPMENT_TEAM = A67NH8S3S6;
				GENERATE_INFOPLIST_FILE = YES;
				MARKETING_VERSION = 1.0;
				PRODUCT_BUNDLE_IDENTIFIER = "clc.CLCsuperFanApp-KaiserUITests";
				PRODUCT_NAME = "$(TARGET_NAME)";
				SWIFT_EMIT_LOC_STRINGS = NO;
				SWIFT_VERSION = 5.0;
				TARGETED_DEVICE_FAMILY = "1,2";
				TEST_TARGET_NAME = CLCsuperFanApp_Kaiser;
			};
			name = Release;
		};
/* End XCBuildConfiguration section */

/* Begin XCConfigurationList section */
		3BCC308D2B98C3B900E9A4FB /* Build configuration list for PBXProject "CLCsuperFanApp_Kaiser" */ = {
			isa = XCConfigurationList;
			buildConfigurations = (
				3BCC30BA2B98C3BB00E9A4FB /* Debug */,
				3BCC30BB2B98C3BB00E9A4FB /* Release */,
			);
			defaultConfigurationIsVisible = 0;
			defaultConfigurationName = Release;
		};
		3BCC30BC2B98C3BB00E9A4FB /* Build configuration list for PBXNativeTarget "CLCsuperFanApp_Kaiser" */ = {
			isa = XCConfigurationList;
			buildConfigurations = (
				3BCC30BD2B98C3BB00E9A4FB /* Debug */,
				3BCC30BE2B98C3BB00E9A4FB /* Release */,
			);
			defaultConfigurationIsVisible = 0;
			defaultConfigurationName = Release;
		};
		3BCC30BF2B98C3BB00E9A4FB /* Build configuration list for PBXNativeTarget "CLCsuperFanApp_KaiserTests" */ = {
			isa = XCConfigurationList;
			buildConfigurations = (
				3BCC30C02B98C3BB00E9A4FB /* Debug */,
				3BCC30C12B98C3BB00E9A4FB /* Release */,
			);
			defaultConfigurationIsVisible = 0;
			defaultConfigurationName = Release;
		};
		3BCC30C22B98C3BB00E9A4FB /* Build configuration list for PBXNativeTarget "CLCsuperFanApp_KaiserUITests" */ = {
			isa = XCConfigurationList;
			buildConfigurations = (
				3BCC30C32B98C3BB00E9A4FB /* Debug */,
				3BCC30C42B98C3BB00E9A4FB /* Release */,
			);
			defaultConfigurationIsVisible = 0;
			defaultConfigurationName = Release;
		};
/* End XCConfigurationList section */

/* Begin XCRemoteSwiftPackageReference section */
		3BCC30C72B98C50300E9A4FB /* XCRemoteSwiftPackageReference "firebase-ios-sdk" */ = {
			isa = XCRemoteSwiftPackageReference;
			repositoryURL = "https://github.com/firebase/firebase-ios-sdk.git";
			requirement = {
				kind = upToNextMajorVersion;
				minimumVersion = 10.22.0;
			};
		};
/* End XCRemoteSwiftPackageReference section */

/* Begin XCSwiftPackageProductDependency section */
		14A1AB252BD2B9F500B26820 /* FirebaseAnalytics */ = {
			isa = XCSwiftPackageProductDependency;
			package = 3BCC30C72B98C50300E9A4FB /* XCRemoteSwiftPackageReference "firebase-ios-sdk" */;
			productName = FirebaseAnalytics;
		};
		3BCC30C82B98C50300E9A4FB /* FirebaseAuth */ = {
			isa = XCSwiftPackageProductDependency;
			package = 3BCC30C72B98C50300E9A4FB /* XCRemoteSwiftPackageReference "firebase-ios-sdk" */;
			productName = FirebaseAuth;
		};
		3BCC30CA2B98C50300E9A4FB /* FirebaseDatabase */ = {
			isa = XCSwiftPackageProductDependency;
			package = 3BCC30C72B98C50300E9A4FB /* XCRemoteSwiftPackageReference "firebase-ios-sdk" */;
			productName = FirebaseDatabase;
		};
		3BCC30CC2B98C50300E9A4FB /* FirebaseDatabaseSwift */ = {
			isa = XCSwiftPackageProductDependency;
			package = 3BCC30C72B98C50300E9A4FB /* XCRemoteSwiftPackageReference "firebase-ios-sdk" */;
			productName = FirebaseDatabaseSwift;
		};
		3BCC30CE2B98C50300E9A4FB /* FirebaseFirestore */ = {
			isa = XCSwiftPackageProductDependency;
			package = 3BCC30C72B98C50300E9A4FB /* XCRemoteSwiftPackageReference "firebase-ios-sdk" */;
			productName = FirebaseFirestore;
		};
/* End XCSwiftPackageProductDependency section */
	};
	rootObject = 3BCC308A2B98C3B900E9A4FB /* Project object */;
}
